{
	"name": "sakuli-legacy",
	"version": "1.0.0",
	"lockfileVersion": 1,
	"requires": true,
	"dependencies": {
		"@types/node": {
			"version": "10.12.9",
			"resolved": "https://registry.npmjs.org/@types/node/-/node-10.12.9.tgz",
			"integrity": "sha512-eajkMXG812/w3w4a1OcBlaTwsFPO5F7fJ/amy+tieQxEMWBlbV1JGSjkFM+zkHNf81Cad+dfIRA+IBkvmvdAeA==",
			"dev": true
		}
	}
}
