{
	"name": "@sakuli/cli",
	"version": "1.0.0",
	"lockfileVersion": 1,
	"requires": true,
	"dependencies": {
		"@types/jest": {
			"version": "23.3.9",
			"resolved": "https://registry.npmjs.org/@types/jest/-/jest-23.3.9.tgz",
			"integrity": "sha512-wNMwXSUcwyYajtbayfPp55tSayuDVU6PfY5gzvRSj80UvxdXEJOVPnUVajaOp7NgXLm+1e2ZDLULmpsU9vDvQw==",
			"dev": true
		},
		"typescript": {
			"version": "3.1.6",
			"resolved": "https://registry.npmjs.org/typescript/-/typescript-3.1.6.tgz",
			"integrity": "sha512-tDMYfVtvpb96msS1lDX9MEdHrW4yOuZ4Kdc4Him9oU796XldPYF/t2+uKoX0BBa0hXXwDlqYQbXY5Rzjzc5hBA==",
			"dev": true
		}
	}
}
